
Microsoft Visual Studio Solution File, Format Version 12.00
# Visual Studio Version 17
VisualStudioVersion = 17.5.33530.505
MinimumVisualStudioVersion = 10.0.40219.1
Project("{FAE04EC0-301F-11D3-BF4B-00C04F79EFBC}") = "PROG-Slutprojekt-frontend", "PROG-Slutprojekt-frontend\PROG-Slutprojekt-frontend.csproj", "{BD131561-D926-4B97-ABF5-DA713D39C679}"
EndProject
Global
	GlobalSection(SolutionConfigurationPlatforms) = preSolution
		Debug|Any CPU = Debug|Any CPU
		Release|Any CPU = Release|Any CPU
	EndGlobalSection
	GlobalSection(ProjectConfigurationPlatforms) = postSolution
		{BD131561-D926-4B97-ABF5-DA713D39C679}.Debug|Any CPU.ActiveCfg = Debug|Any CPU
		{BD131561-D926-4B97-ABF5-DA713D39C679}.Debug|Any CPU.Build.0 = Debug|Any CPU
		{BD131561-D926-4B97-ABF5-DA713D39C679}.Release|Any CPU.ActiveCfg = Release|Any CPU
		{BD131561-D926-4B97-ABF5-DA713D39C679}.Release|Any CPU.Build.0 = Release|Any CPU
	EndGlobalSection
	GlobalSection(SolutionProperties) = preSolution
		HideSolutionNode = FALSE
	EndGlobalSection
	GlobalSection(ExtensibilityGlobals) = postSolution
		SolutionGuid = {AC4D43E8-8BF0-40BA-9879-47986B7BB492}
	EndGlobalSection
EndGlobal
